
Microsoft Visual Studio Solution File, Format Version 11.00
# Visual Studio 2010
Project("{FAE04EC0-301F-11D3-BF4B-00C04F79EFBC}") = "Visitor", "Visitor.csproj", "{A7DCF911-034D-4467-B3FC-3D9E39DCAC09}"
EndProject
Global
	GlobalSection(SolutionConfigurationPlatforms) = preSolution
		Debug|x86 = Debug|x86
		Release|x86 = Release|x86
	EndGlobalSection
	GlobalSection(ProjectConfigurationPlatforms) = postSolution
		{A7DCF911-034D-4467-B3FC-3D9E39DCAC09}.Debug|x86.ActiveCfg = Debug|x86
		{A7DCF911-034D-4467-B3FC-3D9E39DCAC09}.Debug|x86.Build.0 = Debug|x86
		{A7DCF911-034D-4467-B3FC-3D9E39DCAC09}.Release|x86.ActiveCfg = Release|x86
		{A7DCF911-034D-4467-B3FC-3D9E39DCAC09}.Release|x86.Build.0 = Release|x86
	EndGlobalSection
	GlobalSection(SolutionProperties) = preSolution
		HideSolutionNode = FALSE
	EndGlobalSection
EndGlobal
